{
  "keys": {
    "batch_address-append_40_10.key": {
      "sha256": "589c90ea00bc771e7b61c28c20290c4dfaa9a33790d7231261d7bbe621459843",
      "size": 136666912
    },
    "batch_address-append_40_250.key": {
      "sha256": "aacd3c81c4681acf0eb21e395df4f566738412da158153b1dee7ac83219dc425",
      "size": 3752013184
    },
    "custom_ring_base.key": {
      "sha256": "c4a6e3b31546317cf2448b9392dab5a3172caf5c90542230e70a7e17901d9f1f",
      "size": 66279562,
      "source": "release"
    },
    "custom_ring_compressed_policy.key": {
      "sha256": "bba441c5d149f6e7291dcab85022b18d8c68ab2017474017dc2fd833eb81ebc3",
      "size": 514238009,
      "source": "release"
    },
    "custom_ring_delegate_policy.key": {
      "sha256": "922288c3dbff7bb5d7b5af91c84c223c33809668ecce87f01a02be4beaac1a06",
      "size": 177034333,
      "source": "release"
    },
    "custom_ring_deposit.key": {
      "sha256": "3a385a554a49c25d1eea8e3f5368874347ccb7c457512b5f0fe42ec519c498ad",
      "size": 213136902,
      "source": "release"
    },
    "custom_ring_policy.key": {
      "sha256": "b73e9883cac61948add911295fbaf36856020d9b77293b9da3981f9d1c25b011",
      "size": 180247444,
      "source": "release"
    },
    "custom_ring_register_key.key": {
      "sha256": "926bc02fe4d70f3d8163e190a572be82f8a0506e4ce734525fd3f92cf40c3357",
      "size": 68029648,
      "source": "release"
    },
    "merge_36_1.key": {
      "sha256": "60444a2b76befff6207050ae292f7265dbfa57cf8289725e0b1a4949648927d4",
      "size": 240903008
    },
    "merge_8_1.key": {
      "sha256": "6658a6d76fe21dd44ae027c35ed5d05b6a53ed869937bb3e110cb311ec673329",
      "size": 55582621
    },
    "merge_ring_36_1.key": {
      "sha256": "45cb914998f9bac8a61edaa607b30ba6ce23be5af81d173ca4b6573e60e3b937",
      "size": 240654443
    },
    "merge_ring_8_1.key": {
      "sha256": "ab92956659914554cd561a15c6ab2041d844c87ae6ce8828711aaf68282b7386",
      "size": 55528134
    },
    "transfer_confidential_1_1.key": {
      "sha256": "56816e7b4887386c24839671cfbebe500d35d8ec4b733a11b1f02af4c08629d1",
      "size": 8623201
    },
    "transfer_confidential_1_2.key": {
      "sha256": "3e9cc4fae9f6432b16e2e77db74dfe20986a821b0bff4797b13286ae3c4c2f3f",
      "size": 9316797
    },
    "transfer_confidential_1_8.key": {
      "sha256": "39b7b80dc231614017bb757c8b08aea7efdf4dc7e592072ab02ccae0fa4e7f7a",
      "size": 13503202
    },
    "transfer_confidential_2_2.key": {
      "sha256": "363d50a9a31e85e83922427be0311cab9d41034da5f3723a464dc7fe0c2bd231",
      "size": 16493758
    },
    "transfer_confidential_2_3.key": {
      "sha256": "dc40be6315c921ff9c69651e51d891ca3cef936630d98873bb0a767c039ab0dd",
      "size": 16928800
    },
    "transfer_confidential_36_2.key": {
      "sha256": "3e9d3645f193e1fad991b67b682d1a0a6e8ff9155191855bd23ab9cbb79183b8",
      "size": 248908732
    },
    "transfer_confidential_3_3.key": {
      "sha256": "e3975ff86766b39087cf3a4bf3602e68a06767864adb683da73e2c4fd4eb657e",
      "size": 24811267
    },
    "transfer_confidential_4_3.key": {
      "sha256": "36d517654f349d0d5dc8a79f54a8b7ef1556cb60a381bc7be68dc9fd3770580d",
      "size": 30597221
    },
    "transfer_confidential_4_4.key": {
      "sha256": "ef02a4d9862585b22b97957916f3034cc49fb6078f04dd2c07e57b4432faca78",
      "size": 31036650
    },
    "transfer_confidential_5_3.key": {
      "sha256": "f38a53aeb9b2cf674a3faeee97ce9182d9be354c0480144e85354d89d4f326d0",
      "size": 36740505
    },
    "transfer_confidential_5_4.key": {
      "sha256": "5da2821da6c1fd1183ebee5fb3477bd527a1fa82a2efa053bc75ca357c05be5b",
      "size": 37179245
    },
    "transfer_p256_ring_1_1.key": {
      "sha256": "13e30bda4015db68bf4571519fae45e84ba3258600fabade25ddb0f134665af6",
      "size": 53896421
    },
    "transfer_p256_ring_1_2.key": {
      "sha256": "8d534d464c648e4efb99a7114903eba8b22d4233be3849d68f8e1175dcfd7d82",
      "size": 54652436
    },
    "transfer_p256_ring_1_8.key": {
      "sha256": "3399026c70f64305e042e9c7886e016eaaa869d7d35257c196928c4379b27e99",
      "size": 58054603
    },
    "transfer_p256_ring_2_2.key": {
      "sha256": "83f3f83a2d76cc823bf5679f95e5b3f58b36e62d5087b94f3ab433ddf67d83dc",
      "size": 61160876
    },
    "transfer_p256_ring_2_3.key": {
      "sha256": "63a60bc3352f335fd6be00cb7f6521ae6832ede9295204d32d9b1f5183bb6889",
      "size": 61631397
    },
    "transfer_p256_ring_36_2.key": {
      "sha256": "25f101527559c9134d8ec5ca106ffd9793d06806682d299c59fb7a99ff7b26e6",
      "size": 299071991
    },
    "transfer_p256_ring_3_3.key": {
      "sha256": "9c45ba380c889616ad5c6c5ca0445f037982105d8297ff473719db5c088b202f",
      "size": 67755560
    },
    "transfer_p256_ring_4_3.key": {
      "sha256": "91a33d0f6c44b9dc964392bdf0e1da854bc2d3e8ee165726822f44bd074da129",
      "size": 73880710
    },
    "transfer_p256_ring_4_4.key": {
      "sha256": "81e56df6fd87414b80cba15e12637f379d42720050f622b29b07f60de28f7d5f",
      "size": 74353142
    },
    "transfer_p256_ring_5_3.key": {
      "sha256": "8db09666a8e2a0890c438efb62105123997e2812183fed7c1e9870d7275bf19d",
      "size": 88777364
    },
    "transfer_p256_ring_5_4.key": {
      "sha256": "d706c0cceaa3e2825c2d06417bb784307b20d85b8449b4ebe302236d9da42fcd",
      "size": 89251444
    },
    "transfer_ring_1_1.key": {
      "sha256": "fa3e85bcc4a992575eb70799e49e1afaeb00cb1b3417daf4d85ca199ccf9d69f",
      "size": 8631083
    },
    "transfer_ring_1_2.key": {
      "sha256": "f1c3255602c256206d5fc299a642541f19a432692e8c2c0d01bf83884b402f79",
      "size": 9327211
    },
    "transfer_ring_1_8.key": {
      "sha256": "49753462d0ae8f441ebcea4b69f13a8e3b97882db50eca0492397729abe26a1a",
      "size": 13541174
    },
    "transfer_ring_2_2.key": {
      "sha256": "a6885269fcd307f1be92770fc3a32ded2e67230d6b45a811de7ab75ca5007897",
      "size": 16508139
    },
    "transfer_ring_2_3.key": {
      "sha256": "0373a18d3725f3b0d2b0e8e5eca0577e75c06aba7f0f786546632f69b0b0dd77",
      "size": 16947993
    },
    "transfer_ring_36_2.key": {
      "sha256": "c3c56dedd4bcc66b914321c38984287de8ea4e5f482d4bc1185546df3adcd866",
      "size": 248995780
    },
    "transfer_ring_3_3.key": {
      "sha256": "e28f0fec223fcf6b72d44fe38fb445caffadabccf9ccc6e97c4f85253e56a279",
      "size": 24830536
    },
    "transfer_ring_4_3.key": {
      "sha256": "2bc946b607cacdeb72f9a1de29cf18a772d7ee392e146e6ea932a516c44016f2",
      "size": 30620809
    },
    "transfer_ring_4_4.key": {
      "sha256": "390a6aad2334d0c90cd78187c047e40915a954cc57dba98b7cc8f4389ff95b2d",
      "size": 31062822
    },
    "transfer_ring_5_3.key": {
      "sha256": "af3339f8cfc83debae2c5ae93e109f97a53f23d73cb25f966f94e5294bddf80d",
      "size": 36764761
    },
    "transfer_ring_5_4.key": {
      "sha256": "5208110cfe9d04a4bc24fc3ef65d70fa9bb4ca8bee66720ab27a0c453f178c9c",
      "size": 37207904
    },
    "transfer_ring_authority_1_1.key": {
      "sha256": "03493e06812091add92abdd8117bbfcfd376951f3c63cca7f2786fca8d3923ec",
      "size": 8408007
    },
    "transfer_ring_authority_2_2.key": {
      "sha256": "5343ca34d6ddd3f189b005ce8de5124944ff91ccde1fb14eba27939ebf91d65a",
      "size": 15981806
    },
    "transfer_ring_authority_3_3.key": {
      "sha256": "a45b5c13fa972cf5b87681a23d1e479fa3e041dd12beb58e121de1a070aac780",
      "size": 24192489
    },
    "transfer_ring_authority_4_4.key": {
      "sha256": "d8d43f37cbe8e2ab053122f5039253c9222f2e698e0bb2c30746772a17f56870",
      "size": 30333212
    }
  },
  "prefix": "proving-keys/11b65848058386ad"
}
