{
  "keys": {
    "batch_address-append_40_10.key": {
      "sha256": "681348a6071c5ac1dda489ba774471c07f0b68a3a3212638d3cfdb30fd4be955",
      "size": 137141216
    },
    "batch_address-append_40_250.key": {
      "sha256": "6b239feff3b56f023d53d7cb473d455b64b2b115a552b40d359dd974ce741c12",
      "size": 3764027068
    },
    "custom_ring.key": {
      "sha256": "506ed2dcfc207c34126de083288457c01609bee3e62184c201e2bdef6ef20249",
      "size": 89710022,
      "source": "release"
    },
    "merge_8_1.key": {
      "sha256": "cac18f8d859d5dac2ec3c069b22c9f985d37e0727b582f7d1bfca877d10392c9",
      "size": 56250158
    },
    "merge_ring_8_1.key": {
      "sha256": "f9f67ac6506fc3e893337641598f20f0b27203266ee45bae6570a5f5cc2feb05",
      "size": 56259483
    },
    "transfer_confidential_1_1.key": {
      "sha256": "2b8e0a0d30e666daa16b6675cb42722411c63d4a7d56e41da9e3b9e44e0e8b25",
      "size": 8137200
    },
    "transfer_confidential_1_2.key": {
      "sha256": "e98b00b33dae11ad493419d407d5615484c72d13e512acc445fc5948bb11693f",
      "size": 8670630
    },
    "transfer_confidential_1_8.key": {
      "sha256": "22aa9f00a8fff09a849f5e8a3b190bcde50c6bb5acea4156b0f5f64a3f4cf25a",
      "size": 12940377
    },
    "transfer_confidential_2_2.key": {
      "sha256": "ca4d91d2208163df03895eb6e03981be7f991db0bf449091d801e41b28ab0715",
      "size": 15815922
    },
    "transfer_confidential_2_3.key": {
      "sha256": "915ffeaf13ae754f737235c85106778a465d10711a47dd134156b7ddc2c4d2b6",
      "size": 16353833
    },
    "transfer_confidential_3_3.key": {
      "sha256": "6d7761d4206a3a3f526a050fa3a1b668bbde15f746cef48e24618e325d8a033b",
      "size": 24544523
    },
    "transfer_confidential_4_3.key": {
      "sha256": "4b6be15a72d77bb21d4c3fe8793554fa3aa40812aea1ef79fb3495cb2e6df975",
      "size": 30647356
    },
    "transfer_confidential_4_4.key": {
      "sha256": "4615b6c3f64fc3ac1a17f560895661cf76fe446a05540d7ca9d1ecd20d313da6",
      "size": 31187126
    },
    "transfer_confidential_5_3.key": {
      "sha256": "e1825d1379fabf38efab16bdf5ad335fbf59b97b89b358067f8f688c181acbe1",
      "size": 36748624
    },
    "transfer_confidential_5_4.key": {
      "sha256": "1594a442615262d60909913e88fd2124a1cd13ac34a4ef14d845cf6a44e32111",
      "size": 37290475
    },
    "transfer_p256_ring_1_1.key": {
      "sha256": "135e5542d091cc76cd82b16a16decbc897689fa15e8c8552f9ff5e3ab124005f",
      "size": 60079778
    },
    "transfer_p256_ring_1_2.key": {
      "sha256": "f2679dd7d07e701ef6b9aa6f2104ea4d3c266d97bfa7061291e9ef11344453c2",
      "size": 60641995
    },
    "transfer_p256_ring_1_8.key": {
      "sha256": "f7db55a193f5749b61782f5bd823f8abeb578753eb0eadd65a17c1262b93c69e",
      "size": 64038664
    },
    "transfer_p256_ring_2_2.key": {
      "sha256": "56d9a5c5f732b9fa5f377e06ece605a8d123538bc207dd994eeab8e5a82b491d",
      "size": 67073626
    },
    "transfer_p256_ring_2_3.key": {
      "sha256": "1b311c612f6a0e9df4b6ccc6cb913049dc25001b54cf6fefea28fd3fc431b943",
      "size": 67637969
    },
    "transfer_p256_ring_3_3.key": {
      "sha256": "fff03449ab77ecabeb134c713ca6de7c2331d4a4c2673d590adc18d491014e27",
      "size": 82458908
    },
    "transfer_p256_ring_4_3.key": {
      "sha256": "b5bfed7cd6120acf57da99028c4ca04c8037eb9770ef655b8f9cf3f09b263d04",
      "size": 88888994
    },
    "transfer_p256_ring_4_4.key": {
      "sha256": "3b2598b8ab27a94dda2c03cf48d4818c4ad04b8b9ed54a2efccc0e11b8568f7a",
      "size": 89458620
    },
    "transfer_p256_ring_5_3.key": {
      "sha256": "0c206c07a760f861ae3cb840a4d1c9567272594c3c8ce4f103dbeedaa37355fb",
      "size": 95326526
    },
    "transfer_p256_ring_5_4.key": {
      "sha256": "eced0fc12b1c20da3b7ca160f5cd86b52a2b803dba3c1edf7878aa2814a121f1",
      "size": 95895301
    },
    "transfer_ring_1_1.key": {
      "sha256": "76063f75c0c4880688939615818786191065264558516b9b2e47d3a4065f0175",
      "size": 8143759
    },
    "transfer_ring_1_2.key": {
      "sha256": "7d0da8ff72520a75f72103e0d8899dd7a566818ffe53125240a460ab8b6c2cc6",
      "size": 8682530
    },
    "transfer_ring_1_8.key": {
      "sha256": "549c4ad7e5fa1ec5e294f773ab4b0d8469e8711e26cd027baadafd2fad39c53e",
      "size": 12974046
    },
    "transfer_ring_2_2.key": {
      "sha256": "0fef0496eda4630a54ac7cd9a3a48deb900f17a56374f4f6489500d6f6090dea",
      "size": 15829732
    },
    "transfer_ring_2_3.key": {
      "sha256": "9d95a18df395be780988905011adf8960bb25dd7317108bcd49107630560290d",
      "size": 16370030
    },
    "transfer_ring_3_3.key": {
      "sha256": "5293f552ea5eb5125c33aa82755b891098f08723cbd4e61d1057b3765f829e96",
      "size": 24566503
    },
    "transfer_ring_4_3.key": {
      "sha256": "43fb142ee770a99267c07c0f5c18a291f59560c3a08533aa664615bcee8fd09f",
      "size": 30667552
    },
    "transfer_ring_4_4.key": {
      "sha256": "09166666c43b2c03166ff47aa8511f115f156a641f4631ae0696dd5219b47ad8",
      "size": 31211352
    },
    "transfer_ring_5_3.key": {
      "sha256": "97852c65cc4311e09836ad3583fa2eb311b302094ac9f57bae8834bee6110acb",
      "size": 36775674
    },
    "transfer_ring_5_4.key": {
      "sha256": "45c3c52c2e869b7c39c30a4905b2dd6041344a0ab96df507a0475a606d53fce3",
      "size": 37320174
    },
    "transfer_ring_authority_1_1.key": {
      "sha256": "f9dea735d99fdeac9a6834a3b3e6d4d8653fa74d65c4d5a3de48408af469a008",
      "size": 7944210
    },
    "transfer_ring_authority_2_2.key": {
      "sha256": "25646697ccb077969aa2716ba3daf16cbd62ca46d2897df8bc0772ea0eec6e66",
      "size": 15426421
    },
    "transfer_ring_authority_3_3.key": {
      "sha256": "5978bc8929c46dde87c3ad02c967d5b1803c48f7568a9cdb9ae06f0ad5bda130",
      "size": 23959351
    },
    "transfer_ring_authority_4_4.key": {
      "sha256": "87d913ed132df9d7904e77f10969c9646a0fa83a37b268db8b53959e3078d00c",
      "size": 30402373
    }
  },
  "prefix": "proving-keys/a5ff0c508cac3f51"
}
